// !$*UTF8*$!
{
	archiveVersion = 1;
	classes = {
	};
	objectVersion = 56;
	objects = {

/* Begin PBXBuildFile section */
		000000000000000000000015 /* NunusHostApp.swift in Sources */ = {isa = PBXBuildFile; fileRef = 000000000000000000000009 /* NunusHostApp.swift */; };
		000000000000000000000016 /* SafariWebExtensionHandler.swift in Sources */ = {isa = PBXBuildFile; fileRef = 00000000000000000000000A /* SafariWebExtensionHandler.swift */; };
		000000000000000000000017 /* NunusExtension.appex in Embed Foundation Extensions */ = {isa = PBXBuildFile; fileRef = 000000000000000000000012 /* NunusExtension.appex */; settings = {ATTRIBUTES = (RemoveHeadersOnCopy, ); }; };
		000000000000000000000040 /* AppIcon.icns in Resources */ = {isa = PBXBuildFile; fileRef = 00000000000000000000003F /* AppIcon.icns */; };
		000000000000000000000018 /* NunusHostApp.swift in Sources */ = {isa = PBXBuildFile; fileRef = 000000000000000000000009 /* NunusHostApp.swift */; };
		000000000000000000000019 /* SafariWebExtensionHandler.swift in Sources */ = {isa = PBXBuildFile; fileRef = 00000000000000000000000A /* SafariWebExtensionHandler.swift */; };
		00000000000000000000001A /* NunusExtensioniOS.appex in Embed Foundation Extensions */ = {isa = PBXBuildFile; fileRef = 000000000000000000000014 /* NunusExtensioniOS.appex */; settings = {ATTRIBUTES = (RemoveHeadersOnCopy, ); }; };
/* End PBXBuildFile section */

/* Begin PBXContainerItemProxy section */
		00000000000000000000001D /* PBXContainerItemProxy */ = {
			isa = PBXContainerItemProxy;
			containerPortal = 000000000000000000000001 /* Project object */;
			proxyType = 1;
			remoteGlobalIDString = 00000000000000000000002C;
			remoteInfo = NunusExtension;
		};
		00000000000000000000001E /* PBXContainerItemProxy */ = {
			isa = PBXContainerItemProxy;
			containerPortal = 000000000000000000000001 /* Project object */;
			proxyType = 1;
			remoteGlobalIDString = 00000000000000000000002E;
			remoteInfo = NunusExtensioniOS;
		};
/* End PBXContainerItemProxy section */

/* Begin PBXCopyFilesBuildPhase section */
		00000000000000000000001B /* Embed Foundation Extensions */ = {
			isa = PBXCopyFilesBuildPhase;
			buildActionMask = 2147483647;
			dstPath = "";
			dstSubfolderSpec = 13;
			files = (
				000000000000000000000017 /* NunusExtension.appex in Embed Foundation Extensions */,
			);
			name = "Embed Foundation Extensions";
			runOnlyForDeploymentPostprocessing = 0;
		};
		00000000000000000000001C /* Embed Foundation Extensions */ = {
			isa = PBXCopyFilesBuildPhase;
			buildActionMask = 2147483647;
			dstPath = "";
			dstSubfolderSpec = 13;
			files = (
				00000000000000000000001A /* NunusExtensioniOS.appex in Embed Foundation Extensions */,
			);
			name = "Embed Foundation Extensions";
			runOnlyForDeploymentPostprocessing = 0;
		};
/* End PBXCopyFilesBuildPhase section */

/* Begin PBXFileReference section */
		000000000000000000000009 /* NunusHostApp.swift */ = {isa = PBXFileReference; lastKnownFileType = sourcecode.swift; path = NunusHostApp.swift; sourceTree = "<group>"; };
		00000000000000000000000A /* SafariWebExtensionHandler.swift */ = {isa = PBXFileReference; lastKnownFileType = sourcecode.swift; path = SafariWebExtensionHandler.swift; sourceTree = "<group>"; };
		00000000000000000000000B /* Info.plist */ = {isa = PBXFileReference; lastKnownFileType = text.plist.xml; path = Info.plist; sourceTree = "<group>"; };
		00000000000000000000000C /* NunusHost.entitlements */ = {isa = PBXFileReference; lastKnownFileType = text.plist.entitlements; path = NunusHost.entitlements; sourceTree = "<group>"; };
		00000000000000000000003E /* Assets.xcassets */ = {isa = PBXFileReference; lastKnownFileType = folder.assetcatalog; path = Assets.xcassets; sourceTree = "<group>"; };
		00000000000000000000003F /* AppIcon.icns */ = {isa = PBXFileReference; lastKnownFileType = image.icns; path = AppIcon.icns; sourceTree = "<group>"; };
		00000000000000000000000D /* NunusExtension.entitlements */ = {isa = PBXFileReference; lastKnownFileType = text.plist.entitlements; path = NunusExtension.entitlements; sourceTree = "<group>"; };
		00000000000000000000000E /* copy-web-extension-resources.sh */ = {isa = PBXFileReference; lastKnownFileType = text.script.sh; path = "copy-web-extension-resources.sh"; sourceTree = "<group>"; };
		00000000000000000000000F /* NunusHostIOS.entitlements */ = {isa = PBXFileReference; lastKnownFileType = text.plist.entitlements; path = NunusHostIOS.entitlements; sourceTree = "<group>"; };
		000000000000000000000010 /* NunusExtensionIOS.entitlements */ = {isa = PBXFileReference; lastKnownFileType = text.plist.entitlements; path = NunusExtensionIOS.entitlements; sourceTree = "<group>"; };
		000000000000000000000011 /* NunusHost.app */ = {isa = PBXFileReference; explicitFileType = wrapper.application; includeInIndex = 0; path = NunusHost.app; sourceTree = BUILT_PRODUCTS_DIR; };
		000000000000000000000012 /* NunusExtension.appex */ = {isa = PBXFileReference; explicitFileType = "wrapper.app-extension"; includeInIndex = 0; path = NunusExtension.appex; sourceTree = BUILT_PRODUCTS_DIR; };
		000000000000000000000013 /* NunusHostIOS.app */ = {isa = PBXFileReference; explicitFileType = wrapper.application; includeInIndex = 0; path = NunusHostIOS.app; sourceTree = BUILT_PRODUCTS_DIR; };
		000000000000000000000014 /* NunusExtensioniOS.appex */ = {isa = PBXFileReference; explicitFileType = "wrapper.app-extension"; includeInIndex = 0; path = NunusExtensioniOS.appex; sourceTree = BUILT_PRODUCTS_DIR; };
/* End PBXFileReference section */

/* Begin PBXFrameworksBuildPhase section */
		000000000000000000000027 /* Frameworks */ = {isa = PBXFrameworksBuildPhase; buildActionMask = 2147483647; files = ( ); runOnlyForDeploymentPostprocessing = 0; };
		000000000000000000000028 /* Frameworks */ = {isa = PBXFrameworksBuildPhase; buildActionMask = 2147483647; files = ( ); runOnlyForDeploymentPostprocessing = 0; };
		000000000000000000000029 /* Frameworks */ = {isa = PBXFrameworksBuildPhase; buildActionMask = 2147483647; files = ( ); runOnlyForDeploymentPostprocessing = 0; };
		00000000000000000000002A /* Frameworks */ = {isa = PBXFrameworksBuildPhase; buildActionMask = 2147483647; files = ( ); runOnlyForDeploymentPostprocessing = 0; };
/* End PBXFrameworksBuildPhase section */

/* Begin PBXGroup section */
		000000000000000000000002 = {
			isa = PBXGroup;
			children = (
				000000000000000000000003 /* Shared */,
				000000000000000000000004 /* Host */,
				000000000000000000000005 /* Extension */,
				000000000000000000000006 /* iOS */,
				000000000000000000000007 /* scripts */,
				000000000000000000000008 /* Products */,
			);
			sourceTree = "<group>";
		};
		000000000000000000000003 /* Shared */ = {
			isa = PBXGroup;
			children = (
				000000000000000000000009 /* NunusHostApp.swift */,
			);
			path = Shared;
			sourceTree = "<group>";
		};
		000000000000000000000004 /* Host */ = {
			isa = PBXGroup;
			children = (
				00000000000000000000003E /* Assets.xcassets */,
				00000000000000000000003F /* AppIcon.icns */,
				00000000000000000000000C /* NunusHost.entitlements */,
			);
			path = Host;
			sourceTree = "<group>";
		};
		000000000000000000000005 /* Extension */ = {
			isa = PBXGroup;
			children = (
				00000000000000000000000A /* SafariWebExtensionHandler.swift */,
				00000000000000000000000B /* Info.plist */,
				00000000000000000000000D /* NunusExtension.entitlements */,
			);
			path = Extension;
			sourceTree = "<group>";
		};
		000000000000000000000006 /* iOS */ = {
			isa = PBXGroup;
			children = (
				00000000000000000000000F /* NunusHostIOS.entitlements */,
				000000000000000000000010 /* NunusExtensionIOS.entitlements */,
			);
			path = iOS;
			sourceTree = "<group>";
		};
		000000000000000000000007 /* scripts */ = {
			isa = PBXGroup;
			children = (
				00000000000000000000000E /* copy-web-extension-resources.sh */,
			);
			path = scripts;
			sourceTree = "<group>";
		};
		000000000000000000000008 /* Products */ = {
			isa = PBXGroup;
			children = (
				000000000000000000000011 /* NunusHost.app */,
				000000000000000000000012 /* NunusExtension.appex */,
				000000000000000000000013 /* NunusHostIOS.app */,
				000000000000000000000014 /* NunusExtensioniOS.appex */,
			);
			name = Products;
			sourceTree = "<group>";
		};
/* End PBXGroup section */

/* Begin PBXNativeTarget section */
		00000000000000000000002B /* NunusHost */ = {
			isa = PBXNativeTarget;
			buildConfigurationList = 000000000000000000000030 /* Build configuration list for PBXNativeTarget "NunusHost" */;
			buildPhases = (
				000000000000000000000023 /* Sources */,
				000000000000000000000027 /* Frameworks */,
				000000000000000000000041 /* Resources */,
				00000000000000000000001B /* Embed Foundation Extensions */,
			);
			buildRules = (
			);
			dependencies = (
				00000000000000000000001F /* PBXTargetDependency */,
			);
			name = NunusHost;
			productName = NunusHost;
			productReference = 000000000000000000000011 /* NunusHost.app */;
			productType = "com.apple.product-type.application";
		};
		00000000000000000000002C /* NunusExtension */ = {
			isa = PBXNativeTarget;
			buildConfigurationList = 000000000000000000000031 /* Build configuration list for PBXNativeTarget "NunusExtension" */;
			buildPhases = (
				000000000000000000000021 /* Copy web extension resources */,
				000000000000000000000024 /* Sources */,
				000000000000000000000028 /* Frameworks */,
			);
			buildRules = (
			);
			dependencies = (
			);
			name = NunusExtension;
			productName = NunusExtension;
			productReference = 000000000000000000000012 /* NunusExtension.appex */;
			productType = "com.apple.product-type.app-extension";
		};
		00000000000000000000002D /* NunusHostIOS */ = {
			isa = PBXNativeTarget;
			buildConfigurationList = 000000000000000000000032 /* Build configuration list for PBXNativeTarget "NunusHostIOS" */;
			buildPhases = (
				000000000000000000000025 /* Sources */,
				000000000000000000000029 /* Frameworks */,
				00000000000000000000001C /* Embed Foundation Extensions */,
			);
			buildRules = (
			);
			dependencies = (
				000000000000000000000020 /* PBXTargetDependency */,
			);
			name = NunusHostIOS;
			productName = NunusHostIOS;
			productReference = 000000000000000000000013 /* NunusHostIOS.app */;
			productType = "com.apple.product-type.application";
		};
		00000000000000000000002E /* NunusExtensioniOS */ = {
			isa = PBXNativeTarget;
			buildConfigurationList = 000000000000000000000033 /* Build configuration list for PBXNativeTarget "NunusExtensioniOS" */;
			buildPhases = (
				000000000000000000000022 /* Copy web extension resources */,
				000000000000000000000026 /* Sources */,
				00000000000000000000002A /* Frameworks */,
			);
			buildRules = (
			);
			dependencies = (
			);
			name = NunusExtensioniOS;
			productName = NunusExtensioniOS;
			productReference = 000000000000000000000014 /* NunusExtensioniOS.appex */;
			productType = "com.apple.product-type.app-extension";
		};
/* End PBXNativeTarget section */

/* Begin PBXProject section */
		000000000000000000000001 /* Project object */ = {
			isa = PBXProject;
			attributes = {
				BuildIndependentTargetsInParallel = 1;
				LastSwiftUpdateCheck = 1500;
				LastUpgradeCheck = 1500;
				TargetAttributes = {
					00000000000000000000002B = {CreatedOnToolsVersion = 15.0; };
					00000000000000000000002C = {CreatedOnToolsVersion = 15.0; };
					00000000000000000000002D = {CreatedOnToolsVersion = 15.0; };
					00000000000000000000002E = {CreatedOnToolsVersion = 15.0; };
				};
			};
			buildConfigurationList = 00000000000000000000002F /* Build configuration list for PBXProject "NunusSafari" */;
			compatibilityVersion = "Xcode 14.0";
			developmentRegion = en;
			hasScannedForEncodings = 0;
			knownRegions = (
				en,
				Base,
			);
			mainGroup = 000000000000000000000002;
			productRefGroup = 000000000000000000000008 /* Products */;
			projectDirPath = "";
			projectRoot = "";
			targets = (
				00000000000000000000002B /* NunusHost */,
				00000000000000000000002C /* NunusExtension */,
				00000000000000000000002D /* NunusHostIOS */,
				00000000000000000000002E /* NunusExtensioniOS */,
			);
		};
/* End PBXProject section */

/* Begin PBXResourcesBuildPhase section */
		000000000000000000000041 /* Resources */ = {
			isa = PBXResourcesBuildPhase;
			buildActionMask = 2147483647;
			files = (
				000000000000000000000040 /* AppIcon.icns in Resources */,
			);
			runOnlyForDeploymentPostprocessing = 0;
		};
/* End PBXResourcesBuildPhase section */

/* Begin PBXShellScriptBuildPhase section */
		000000000000000000000021 /* Copy web extension resources */ = {
			isa = PBXShellScriptBuildPhase;
			alwaysOutOfDate = 1;
			buildActionMask = 2147483647;
			files = (
			);
			name = "Copy web extension resources";
			runOnlyForDeploymentPostprocessing = 0;
			shellPath = /bin/sh;
			shellScript = "cd \"$PROJECT_DIR\" && /bin/sh ./scripts/copy-web-extension-resources.sh\n";
		};
		000000000000000000000022 /* Copy web extension resources */ = {
			isa = PBXShellScriptBuildPhase;
			alwaysOutOfDate = 1;
			buildActionMask = 2147483647;
			files = (
			);
			name = "Copy web extension resources";
			runOnlyForDeploymentPostprocessing = 0;
			shellPath = /bin/sh;
			shellScript = "cd \"$PROJECT_DIR\" && /bin/sh ./scripts/copy-web-extension-resources.sh\n";
		};
/* End PBXShellScriptBuildPhase section */

/* Begin PBXSourcesBuildPhase section */
		000000000000000000000023 /* Sources */ = {
			isa = PBXSourcesBuildPhase;
			buildActionMask = 2147483647;
			files = (
				000000000000000000000015 /* NunusHostApp.swift in Sources */,
			);
			runOnlyForDeploymentPostprocessing = 0;
		};
		000000000000000000000024 /* Sources */ = {
			isa = PBXSourcesBuildPhase;
			buildActionMask = 2147483647;
			files = (
				000000000000000000000016 /* SafariWebExtensionHandler.swift in Sources */,
			);
			runOnlyForDeploymentPostprocessing = 0;
		};
		000000000000000000000025 /* Sources */ = {
			isa = PBXSourcesBuildPhase;
			buildActionMask = 2147483647;
			files = (
				000000000000000000000018 /* NunusHostApp.swift in Sources */,
			);
			runOnlyForDeploymentPostprocessing = 0;
		};
		000000000000000000000026 /* Sources */ = {
			isa = PBXSourcesBuildPhase;
			buildActionMask = 2147483647;
			files = (
				000000000000000000000019 /* SafariWebExtensionHandler.swift in Sources */,
			);
			runOnlyForDeploymentPostprocessing = 0;
		};
/* End PBXSourcesBuildPhase section */

/* Begin PBXTargetDependency section */
		00000000000000000000001F /* PBXTargetDependency */ = {
			isa = PBXTargetDependency;
			target = 00000000000000000000002C /* NunusExtension */;
			targetProxy = 00000000000000000000001D /* PBXContainerItemProxy */;
		};
		000000000000000000000020 /* PBXTargetDependency */ = {
			isa = PBXTargetDependency;
			target = 00000000000000000000002E /* NunusExtensioniOS */;
			targetProxy = 00000000000000000000001E /* PBXContainerItemProxy */;
		};
/* End PBXTargetDependency section */

/* Begin XCBuildConfiguration section */
		000000000000000000000034 /* Debug */ = {
			isa = XCBuildConfiguration;
			buildSettings = {
				ALWAYS_SEARCH_USER_PATHS = NO;
				CLANG_ENABLE_MODULES = YES;
				CLANG_ENABLE_OBJC_ARC = YES;
				COPY_PHASE_STRIP = NO;
				DEBUG_INFORMATION_FORMAT = dwarf;
				ENABLE_TESTABILITY = YES;
				GCC_DYNAMIC_NO_PIC = NO;
				GCC_OPTIMIZATION_LEVEL = 0;
				ONLY_ACTIVE_ARCH = YES;
				SWIFT_ACTIVE_COMPILATION_CONDITIONS = DEBUG;
				SWIFT_OPTIMIZATION_LEVEL = "-Onone";
			};
			name = Debug;
		};
		000000000000000000000035 /* Release */ = {
			isa = XCBuildConfiguration;
			buildSettings = {
				ALWAYS_SEARCH_USER_PATHS = NO;
				CLANG_ENABLE_MODULES = YES;
				CLANG_ENABLE_OBJC_ARC = YES;
				COPY_PHASE_STRIP = NO;
				DEBUG_INFORMATION_FORMAT = "dwarf-with-dsym";
				ENABLE_NS_ASSERTIONS = NO;
				SWIFT_COMPILATION_MODE = wholemodule;
			};
			name = Release;
		};
		000000000000000000000036 /* Debug */ = {
			isa = XCBuildConfiguration;
			buildSettings = {
				CODE_SIGN_ENTITLEMENTS = Host/NunusHost.entitlements;
				CODE_SIGN_STYLE = Automatic;
				CURRENT_PROJECT_VERSION = 1;
				ENABLE_PREVIEWS = YES;
				GENERATE_INFOPLIST_FILE = YES;
				INFOPLIST_KEY_CFBundleDisplayName = Nunus;
				INFOPLIST_KEY_CFBundleIconFile = AppIcon;
				INFOPLIST_KEY_NSHumanReadableCopyright = "";
				LD_RUNPATH_SEARCH_PATHS = (
					"$(inherited)",
					"@executable_path/../Frameworks",
				);
				MACOSX_DEPLOYMENT_TARGET = 14.0;
				MARKETING_VERSION = 1.4.1;
				PRODUCT_BUNDLE_IDENTIFIER = com.nunus.NunusHost;
				PRODUCT_NAME = "$(TARGET_NAME)";
				SDKROOT = macosx;
				SWIFT_EMIT_LOC_STRINGS = YES;
				SWIFT_VERSION = 5.0;
			};
			name = Debug;
		};
		000000000000000000000037 /* Release */ = {
			isa = XCBuildConfiguration;
			buildSettings = {
				CODE_SIGN_ENTITLEMENTS = Host/NunusHost.entitlements;
				CODE_SIGN_STYLE = Automatic;
				CURRENT_PROJECT_VERSION = 1;
				ENABLE_PREVIEWS = YES;
				GENERATE_INFOPLIST_FILE = YES;
				INFOPLIST_KEY_CFBundleDisplayName = Nunus;
				INFOPLIST_KEY_CFBundleIconFile = AppIcon;
				INFOPLIST_KEY_NSHumanReadableCopyright = "";
				LD_RUNPATH_SEARCH_PATHS = (
					"$(inherited)",
					"@executable_path/../Frameworks",
				);
				MACOSX_DEPLOYMENT_TARGET = 14.0;
				MARKETING_VERSION = 1.4.1;
				PRODUCT_BUNDLE_IDENTIFIER = com.nunus.NunusHost;
				PRODUCT_NAME = "$(TARGET_NAME)";
				SDKROOT = macosx;
				SWIFT_EMIT_LOC_STRINGS = YES;
				SWIFT_VERSION = 5.0;
			};
			name = Release;
		};
		000000000000000000000038 /* Debug */ = {
			isa = XCBuildConfiguration;
			buildSettings = {
				CODE_SIGN_ENTITLEMENTS = Extension/NunusExtension.entitlements;
				CODE_SIGN_STYLE = Automatic;
				CURRENT_PROJECT_VERSION = 1;
				GENERATE_INFOPLIST_FILE = NO;
				INFOPLIST_FILE = Extension/Info.plist;
				INFOPLIST_KEY_CFBundleDisplayName = Nunus;
				INFOPLIST_KEY_NSHumanReadableCopyright = "";
				LD_RUNPATH_SEARCH_PATHS = (
					"$(inherited)",
					"@executable_path/../Frameworks",
					"@executable_path/../../../../Frameworks",
				);
				MACOSX_DEPLOYMENT_TARGET = 14.0;
				MARKETING_VERSION = 1.4.1;
				PRODUCT_BUNDLE_IDENTIFIER = com.nunus.NunusHost.NunusExtension;
				PRODUCT_NAME = "$(TARGET_NAME)";
				SDKROOT = macosx;
				SKIP_INSTALL = YES;
				SWIFT_EMIT_LOC_STRINGS = YES;
				SWIFT_VERSION = 5.0;
			};
			name = Debug;
		};
		000000000000000000000039 /* Release */ = {
			isa = XCBuildConfiguration;
			buildSettings = {
				CODE_SIGN_ENTITLEMENTS = Extension/NunusExtension.entitlements;
				CODE_SIGN_STYLE = Automatic;
				CURRENT_PROJECT_VERSION = 1;
				GENERATE_INFOPLIST_FILE = NO;
				INFOPLIST_FILE = Extension/Info.plist;
				INFOPLIST_KEY_CFBundleDisplayName = Nunus;
				INFOPLIST_KEY_NSHumanReadableCopyright = "";
				LD_RUNPATH_SEARCH_PATHS = (
					"$(inherited)",
					"@executable_path/../Frameworks",
					"@executable_path/../../../../Frameworks",
				);
				MACOSX_DEPLOYMENT_TARGET = 14.0;
				MARKETING_VERSION = 1.4.1;
				PRODUCT_BUNDLE_IDENTIFIER = com.nunus.NunusHost.NunusExtension;
				PRODUCT_NAME = "$(TARGET_NAME)";
				SDKROOT = macosx;
				SKIP_INSTALL = YES;
				SWIFT_EMIT_LOC_STRINGS = YES;
				SWIFT_VERSION = 5.0;
			};
			name = Release;
		};
		00000000000000000000003A /* Debug */ = {
			isa = XCBuildConfiguration;
			buildSettings = {
				CODE_SIGN_ENTITLEMENTS = iOS/NunusHostIOS.entitlements;
				CODE_SIGN_STYLE = Automatic;
				CURRENT_PROJECT_VERSION = 1;
				ENABLE_PREVIEWS = YES;
				GENERATE_INFOPLIST_FILE = YES;
				INFOPLIST_KEY_CFBundleDisplayName = Nunus;
				INFOPLIST_KEY_UIApplicationSceneManifest_Generation = YES;
				INFOPLIST_KEY_UIApplicationSupportsIndirectInputEvents = YES;
				INFOPLIST_KEY_UILaunchScreen_Generation = YES;
				INFOPLIST_KEY_UISupportedInterfaceOrientations_iPad = "UIInterfaceOrientationPortrait UIInterfaceOrientationPortraitUpsideDown UIInterfaceOrientationLandscapeLeft UIInterfaceOrientationLandscapeRight";
				INFOPLIST_KEY_UISupportedInterfaceOrientations_iPhone = "UIInterfaceOrientationPortrait UIInterfaceOrientationLandscapeLeft UIInterfaceOrientationLandscapeRight";
				IPHONEOS_DEPLOYMENT_TARGET = 17.0;
				LD_RUNPATH_SEARCH_PATHS = (
					"$(inherited)",
					"@executable_path/Frameworks",
				);
				MARKETING_VERSION = 1.4.1;
				PRODUCT_BUNDLE_IDENTIFIER = com.nunus.NunusHostIOS;
				PRODUCT_NAME = "$(TARGET_NAME)";
				SDKROOT = iphoneos;
				SUPPORTED_PLATFORMS = "iphoneos iphonesimulator";
				SWIFT_EMIT_LOC_STRINGS = YES;
				SWIFT_VERSION = 5.0;
				TARGETED_DEVICE_FAMILY = "1,2";
			};
			name = Debug;
		};
		00000000000000000000003B /* Release */ = {
			isa = XCBuildConfiguration;
			buildSettings = {
				CODE_SIGN_ENTITLEMENTS = iOS/NunusHostIOS.entitlements;
				CODE_SIGN_STYLE = Automatic;
				CURRENT_PROJECT_VERSION = 1;
				ENABLE_PREVIEWS = YES;
				GENERATE_INFOPLIST_FILE = YES;
				INFOPLIST_KEY_CFBundleDisplayName = Nunus;
				INFOPLIST_KEY_UIApplicationSceneManifest_Generation = YES;
				INFOPLIST_KEY_UIApplicationSupportsIndirectInputEvents = YES;
				INFOPLIST_KEY_UILaunchScreen_Generation = YES;
				INFOPLIST_KEY_UISupportedInterfaceOrientations_iPad = "UIInterfaceOrientationPortrait UIInterfaceOrientationPortraitUpsideDown UIInterfaceOrientationLandscapeLeft UIInterfaceOrientationLandscapeRight";
				INFOPLIST_KEY_UISupportedInterfaceOrientations_iPhone = "UIInterfaceOrientationPortrait UIInterfaceOrientationLandscapeLeft UIInterfaceOrientationLandscapeRight";
				IPHONEOS_DEPLOYMENT_TARGET = 17.0;
				LD_RUNPATH_SEARCH_PATHS = (
					"$(inherited)",
					"@executable_path/Frameworks",
				);
				MARKETING_VERSION = 1.4.1;
				PRODUCT_BUNDLE_IDENTIFIER = com.nunus.NunusHostIOS;
				PRODUCT_NAME = "$(TARGET_NAME)";
				SDKROOT = iphoneos;
				SUPPORTED_PLATFORMS = "iphoneos iphonesimulator";
				SWIFT_EMIT_LOC_STRINGS = YES;
				SWIFT_VERSION = 5.0;
				TARGETED_DEVICE_FAMILY = "1,2";
			};
			name = Release;
		};
		00000000000000000000003C /* Debug */ = {
			isa = XCBuildConfiguration;
			buildSettings = {
				CODE_SIGN_ENTITLEMENTS = iOS/NunusExtensionIOS.entitlements;
				CODE_SIGN_STYLE = Automatic;
				CURRENT_PROJECT_VERSION = 1;
				GENERATE_INFOPLIST_FILE = NO;
				INFOPLIST_FILE = Extension/Info.plist;
				INFOPLIST_KEY_CFBundleDisplayName = Nunus;
				INFOPLIST_KEY_NSHumanReadableCopyright = "";
				IPHONEOS_DEPLOYMENT_TARGET = 17.0;
				LD_RUNPATH_SEARCH_PATHS = (
					"$(inherited)",
					"@executable_path/Frameworks",
					"@executable_path/../../Frameworks",
				);
				MARKETING_VERSION = 1.4.1;
				PRODUCT_BUNDLE_IDENTIFIER = com.nunus.NunusHostIOS.NunusExtensioniOS;
				PRODUCT_NAME = "$(TARGET_NAME)";
				SDKROOT = iphoneos;
				SKIP_INSTALL = YES;
				SUPPORTED_PLATFORMS = "iphoneos iphonesimulator";
				SWIFT_EMIT_LOC_STRINGS = YES;
				SWIFT_VERSION = 5.0;
				TARGETED_DEVICE_FAMILY = "1,2";
			};
			name = Debug;
		};
		00000000000000000000003D /* Release */ = {
			isa = XCBuildConfiguration;
			buildSettings = {
				CODE_SIGN_ENTITLEMENTS = iOS/NunusExtensionIOS.entitlements;
				CODE_SIGN_STYLE = Automatic;
				CURRENT_PROJECT_VERSION = 1;
				GENERATE_INFOPLIST_FILE = NO;
				INFOPLIST_FILE = Extension/Info.plist;
				INFOPLIST_KEY_CFBundleDisplayName = Nunus;
				INFOPLIST_KEY_NSHumanReadableCopyright = "";
				IPHONEOS_DEPLOYMENT_TARGET = 17.0;
				LD_RUNPATH_SEARCH_PATHS = (
					"$(inherited)",
					"@executable_path/Frameworks",
					"@executable_path/../../Frameworks",
				);
				MARKETING_VERSION = 1.4.1;
				PRODUCT_BUNDLE_IDENTIFIER = com.nunus.NunusHostIOS.NunusExtensioniOS;
				PRODUCT_NAME = "$(TARGET_NAME)";
				SDKROOT = iphoneos;
				SKIP_INSTALL = YES;
				SUPPORTED_PLATFORMS = "iphoneos iphonesimulator";
				SWIFT_EMIT_LOC_STRINGS = YES;
				SWIFT_VERSION = 5.0;
				TARGETED_DEVICE_FAMILY = "1,2";
			};
			name = Release;
		};
/* End XCBuildConfiguration section */

/* Begin XCConfigurationList section */
		000000000000000000000030 /* Build configuration list for PBXNativeTarget "NunusHost" */ = {
			isa = XCConfigurationList;
			buildConfigurations = (
				000000000000000000000036 /* Debug */,
				000000000000000000000037 /* Release */,
			);
			defaultConfigurationIsVisible = 0;
			defaultConfigurationName = Release;
		};
		000000000000000000000031 /* Build configuration list for PBXNativeTarget "NunusExtension" */ = {
			isa = XCConfigurationList;
			buildConfigurations = (
				000000000000000000000038 /* Debug */,
				000000000000000000000039 /* Release */,
			);
			defaultConfigurationIsVisible = 0;
			defaultConfigurationName = Release;
		};
		000000000000000000000032 /* Build configuration list for PBXNativeTarget "NunusHostIOS" */ = {
			isa = XCConfigurationList;
			buildConfigurations = (
				00000000000000000000003A /* Debug */,
				00000000000000000000003B /* Release */,
			);
			defaultConfigurationIsVisible = 0;
			defaultConfigurationName = Release;
		};
		000000000000000000000033 /* Build configuration list for PBXNativeTarget "NunusExtensioniOS" */ = {
			isa = XCConfigurationList;
			buildConfigurations = (
				00000000000000000000003C /* Debug */,
				00000000000000000000003D /* Release */,
			);
			defaultConfigurationIsVisible = 0;
			defaultConfigurationName = Release;
		};
		00000000000000000000002F /* Build configuration list for PBXProject "NunusSafari" */ = {
			isa = XCConfigurationList;
			buildConfigurations = (
				000000000000000000000034 /* Debug */,
				000000000000000000000035 /* Release */,
			);
			defaultConfigurationIsVisible = 0;
			defaultConfigurationName = Release;
		};
/* End XCConfigurationList section */
	};
	rootObject = 000000000000000000000001 /* Project object */;
}
